
Microsoft Visual Studio Solution File, Format Version 12.00
# Visual Studio Version 16
VisualStudioVersion = 16.0.30804.86
MinimumVisualStudioVersion = 10.0.40219.1
Project("{FAE04EC0-301F-11D3-BF4B-00C04F79EFBC}") = "MadLib", "MadLib\MadLib.csproj", "{A9C8CE0C-DC98-4C14-AD07-5EF8358A250C}"
EndProject
Global
	GlobalSection(SolutionConfigurationPlatforms) = preSolution
		Debug|Any CPU = Debug|Any CPU
		Release|Any CPU = Release|Any CPU
	EndGlobalSection
	GlobalSection(ProjectConfigurationPlatforms) = postSolution
		{A9C8CE0C-DC98-4C14-AD07-5EF8358A250C}.Debug|Any CPU.ActiveCfg = Debug|Any CPU
		{A9C8CE0C-DC98-4C14-AD07-5EF8358A250C}.Debug|Any CPU.Build.0 = Debug|Any CPU
		{A9C8CE0C-DC98-4C14-AD07-5EF8358A250C}.Release|Any CPU.ActiveCfg = Release|Any CPU
		{A9C8CE0C-DC98-4C14-AD07-5EF8358A250C}.Release|Any CPU.Build.0 = Release|Any CPU
	EndGlobalSection
	GlobalSection(SolutionProperties) = preSolution
		HideSolutionNode = FALSE
	EndGlobalSection
	GlobalSection(ExtensibilityGlobals) = postSolution
		SolutionGuid = {EFA5DD76-0369-444A-AE66-172D86824D54}
	EndGlobalSection
EndGlobal
